
Microsoft Visual Studio Solution File, Format Version 12.00
# Visual Studio 14
VisualStudioVersion = 14.0.22823.1
MinimumVisualStudioVersion = 10.0.40219.1
Project("{2150E333-8FDC-42A3-9474-1A3956D46DE8}") = "src", "src", "{8879F8AD-B119-46F1-9517-F3FB4A327F14}"
EndProject
Project("{2150E333-8FDC-42A3-9474-1A3956D46DE8}") = "Solution Items", "Solution Items", "{9A39164B-54A4-46C2-897C-F2B195F84992}"
	ProjectSection(SolutionItems) = preProject
		global.json = global.json
	EndProjectSection
EndProject
Project("{8BB2217D-0F2D-49D1-97BC-3654ED321F3B}") = "VotR.API", "src\VotR.API\VotR.API.xproj", "{B84929E8-1638-4FB2-BFB6-A729C9F56E7A}"
EndProject
Project("{8BB2217D-0F2D-49D1-97BC-3654ED321F3B}") = "VotR.Shared", "src\VotR.Shared\VotR.Shared.xproj", "{6CBD71EA-1864-47F4-B650-454BB27C1015}"
EndProject
Project("{8BB2217D-0F2D-49D1-97BC-3654ED321F3B}") = "VotR.Web", "src\VotR.Web\VotR.Web.xproj", "{797A5D7F-0AB0-40C9-B800-E3D3573718C8}"
EndProject
Global
	GlobalSection(SolutionConfigurationPlatforms) = preSolution
		Debug|Any CPU = Debug|Any CPU
		Release|Any CPU = Release|Any CPU
	EndGlobalSection
	GlobalSection(ProjectConfigurationPlatforms) = postSolution
		{B84929E8-1638-4FB2-BFB6-A729C9F56E7A}.Debug|Any CPU.ActiveCfg = Debug|Any CPU
		{B84929E8-1638-4FB2-BFB6-A729C9F56E7A}.Debug|Any CPU.Build.0 = Debug|Any CPU
		{B84929E8-1638-4FB2-BFB6-A729C9F56E7A}.Release|Any CPU.ActiveCfg = Release|Any CPU
		{B84929E8-1638-4FB2-BFB6-A729C9F56E7A}.Release|Any CPU.Build.0 = Release|Any CPU
		{6CBD71EA-1864-47F4-B650-454BB27C1015}.Debug|Any CPU.ActiveCfg = Debug|Any CPU
		{6CBD71EA-1864-47F4-B650-454BB27C1015}.Debug|Any CPU.Build.0 = Debug|Any CPU
		{6CBD71EA-1864-47F4-B650-454BB27C1015}.Release|Any CPU.ActiveCfg = Release|Any CPU
		{6CBD71EA-1864-47F4-B650-454BB27C1015}.Release|Any CPU.Build.0 = Release|Any CPU
		{797A5D7F-0AB0-40C9-B800-E3D3573718C8}.Debug|Any CPU.ActiveCfg = Debug|Any CPU
		{797A5D7F-0AB0-40C9-B800-E3D3573718C8}.Debug|Any CPU.Build.0 = Debug|Any CPU
		{797A5D7F-0AB0-40C9-B800-E3D3573718C8}.Release|Any CPU.ActiveCfg = Release|Any CPU
		{797A5D7F-0AB0-40C9-B800-E3D3573718C8}.Release|Any CPU.Build.0 = Release|Any CPU
	EndGlobalSection
	GlobalSection(SolutionProperties) = preSolution
		HideSolutionNode = FALSE
	EndGlobalSection
	GlobalSection(NestedProjects) = preSolution
		{B84929E8-1638-4FB2-BFB6-A729C9F56E7A} = {8879F8AD-B119-46F1-9517-F3FB4A327F14}
		{6CBD71EA-1864-47F4-B650-454BB27C1015} = {8879F8AD-B119-46F1-9517-F3FB4A327F14}
		{797A5D7F-0AB0-40C9-B800-E3D3573718C8} = {8879F8AD-B119-46F1-9517-F3FB4A327F14}
	EndGlobalSection
EndGlobal
